PODS:
  - boost-for-react-native (1.63.0)
  - DoubleConversion (1.1.6)
  - Firebase/Core (4.8.0):
    - FirebaseAnalytics (= 4.0.5)
    - FirebaseCore (= 4.0.13)
  - FirebaseAnalytics (4.0.5):
    - FirebaseCore (~> 4.0)
    - FirebaseInstanceID (~> 2.0)
    - "GoogleToolboxForMac/NSData+zlib (~> 2.1)"
    - nanopb (~> 0.3)
  - FirebaseCore (4.0.13):
    - "GoogleToolboxForMac/NSData+zlib (~> 2.1)"
  - FirebaseInstanceID (2.0.8):
    - FirebaseCore (~> 4.0)
  - Folly (2018.10.22.00):
    - boost-for-react-native
    - DoubleConversion
    - glog
  - glog (0.3.5)
  - Google-Maps-iOS-Utils (2.1.0):
    - Google-Maps-iOS-Utils/Clustering (= 2.1.0)
    - Google-Maps-iOS-Utils/Geometry (= 2.1.0)
    - Google-Maps-iOS-Utils/Heatmap (= 2.1.0)
    - Google-Maps-iOS-Utils/QuadTree (= 2.1.0)
    - GoogleMaps
  - Google-Maps-iOS-Utils/Clustering (2.1.0):
    - Google-Maps-iOS-Utils/QuadTree
    - GoogleMaps
  - Google-Maps-iOS-Utils/Geometry (2.1.0):
    - GoogleMaps
  - Google-Maps-iOS-Utils/Heatmap (2.1.0):
    - Google-Maps-iOS-Utils/QuadTree
    - GoogleMaps
  - Google-Maps-iOS-Utils/QuadTree (2.1.0):
    - GoogleMaps
  - GoogleMaps (2.5.0):
    - GoogleMaps/Maps (= 2.5.0)
  - GoogleMaps/Base (2.5.0)
  - GoogleMaps/Maps (2.5.0):
    - GoogleMaps/Base
  - GoogleToolboxForMac/Defines (2.1.3)
  - "GoogleToolboxForMac/NSData+zlib (2.1.3)":
    - GoogleToolboxForMac/Defines (= 2.1.3)
  - nanopb (0.3.8):
    - nanopb/decode (= 0.3.8)
    - nanopb/encode (= 0.3.8)
  - nanopb/decode (0.3.8)
  - nanopb/encode (0.3.8)
  - React (0.58.3):
    - React/Core (= 0.58.3)
  - react-native-camera (1.9.2):
    - React
    - react-native-camera/RCT (= 1.9.2)
    - react-native-camera/RN (= 1.9.2)
  - react-native-camera/RCT (1.9.2):
    - React
  - react-native-camera/RN (1.9.2):
    - React
  - react-native-geocoder (0.5.0):
    - React
  - react-native-google-maps (0.23.0):
    - Google-Maps-iOS-Utils (= 2.1.0)
    - GoogleMaps (= 2.5.0)
    - React
  - react-native-image-picker (0.28.0):
    - React
  - react-native-maps (0.23.0):
    - React
  - react-native-orientation-locker (1.1.1):
    - React
  - React/Core (0.58.3):
    - yoga (= 0.58.3.React)
  - React/CxxBridge (0.58.3):
    - Folly (= 2018.10.22.00)
    - React/Core
    - React/cxxreact
    - React/jsiexecutor
  - React/cxxreact (0.58.3):
    - boost-for-react-native (= 1.63.0)
    - Folly (= 2018.10.22.00)
    - React/jsinspector
  - React/DevSupport (0.58.3):
    - React/Core
    - React/RCTWebSocket
  - React/fishhook (0.58.3)
  - React/jsi (0.58.3):
    - Folly (= 2018.10.22.00)
  - React/jsiexecutor (0.58.3):
    - Folly (= 2018.10.22.00)
    - React/cxxreact
    - React/jsi
  - React/jsinspector (0.58.3)
  - React/RCTActionSheet (0.58.3):
    - React/Core
  - React/RCTAnimation (0.58.3):
    - React/Core
  - React/RCTBlob (0.58.3):
    - React/Core
  - React/RCTCameraRoll (0.58.3):
    - React/Core
    - React/RCTImage
  - React/RCTGeolocation (0.58.3):
    - React/Core
  - React/RCTImage (0.58.3):
    - React/Core
    - React/RCTNetwork
  - React/RCTLinkingIOS (0.58.3):
    - React/Core
  - React/RCTNetwork (0.58.3):
    - React/Core
  - React/RCTSettings (0.58.3):
    - React/Core
  - React/RCTText (0.58.3):
    - React/Core
  - React/RCTVibration (0.58.3):
    - React/Core
  - React/RCTWebSocket (0.58.3):
    - React/Core
    - React/fishhook
    - React/RCTBlob
  - ReactNativePermissions (1.1.1):
    - React
  - RNFirebase (5.2.1):
    - Firebase/Core
    - React
  - RNFS (2.13.3):
    - React
  - RNSVG (9.0.6):
    - React
  - yoga (0.58.3.React)

DEPENDENCIES:
  - DoubleConversion (from `../node_modules/react-native/third-party-podspecs/DoubleConversion.podspec`)
  - Folly (from `../node_modules/react-native/third-party-podspecs/Folly.podspec`)
  - glog (from `../node_modules/react-native/third-party-podspecs/glog.podspec`)
  - Google-Maps-iOS-Utils
  - GoogleMaps
  - react-native-camera (from `../node_modules/react-native-camera`)
  - react-native-geocoder (from `../node_modules/react-native-geocoder`)
  - react-native-google-maps (from `../node_modules/react-native-maps`)
  - react-native-image-picker (from `../node_modules/react-native-image-picker`)
  - react-native-maps (from `../node_modules/react-native-maps`)
  - react-native-orientation-locker (from `../node_modules/react-native-orientation-locker`)
  - React/Core (from `../node_modules/react-native`)
  - React/CxxBridge (from `../node_modules/react-native`)
  - React/DevSupport (from `../node_modules/react-native`)
  - React/RCTActionSheet (from `../node_modules/react-native`)
  - React/RCTAnimation (from `../node_modules/react-native`)
  - React/RCTCameraRoll (from `../node_modules/react-native`)
  - React/RCTGeolocation (from `../node_modules/react-native`)
  - React/RCTImage (from `../node_modules/react-native`)
  - React/RCTLinkingIOS (from `../node_modules/react-native`)
  - React/RCTNetwork (from `../node_modules/react-native`)
  - React/RCTSettings (from `../node_modules/react-native`)
  - React/RCTText (from `../node_modules/react-native`)
  - React/RCTVibration (from `../node_modules/react-native`)
  - React/RCTWebSocket (from `../node_modules/react-native`)
  - ReactNativePermissions (from `../node_modules/react-native-permissions`)
  - RNFirebase (from `../node_modules/react-native-firebase/ios`)
  - RNFS (from `../node_modules/react-native-fs`)
  - RNSVG (from `../node_modules/react-native-svg`)
  - yoga (from `../node_modules/react-native/ReactCommon/yoga/yoga.podspec`)

SPEC REPOS:
  https://github.com/cocoapods/specs.git:
    - boost-for-react-native
    - Firebase
    - FirebaseAnalytics
    - FirebaseCore
    - FirebaseInstanceID
    - Google-Maps-iOS-Utils
    - GoogleMaps
    - GoogleToolboxForMac
    - nanopb

EXTERNAL SOURCES:
  DoubleConversion:
    :podspec: "../node_modules/react-native/third-party-podspecs/DoubleConversion.podspec"
  Folly:
    :podspec: "../node_modules/react-native/third-party-podspecs/Folly.podspec"
  glog:
    :podspec: "../node_modules/react-native/third-party-podspecs/glog.podspec"
  React:
    :path: "../node_modules/react-native"
  react-native-camera:
    :path: "../node_modules/react-native-camera"
  react-native-geocoder:
    :path: "../node_modules/react-native-geocoder"
  react-native-google-maps:
    :path: "../node_modules/react-native-maps"
  react-native-image-picker:
    :path: "../node_modules/react-native-image-picker"
  react-native-maps:
    :path: "../node_modules/react-native-maps"
  react-native-orientation-locker:
    :path: "../node_modules/react-native-orientation-locker"
  ReactNativePermissions:
    :path: "../node_modules/react-native-permissions"
  RNFirebase:
    :path: "../node_modules/react-native-firebase/ios"
  RNFS:
    :path: "../node_modules/react-native-fs"
  RNSVG:
    :path: "../node_modules/react-native-svg"
  yoga:
    :path: "../node_modules/react-native/ReactCommon/yoga/yoga.podspec"

SPEC CHECKSUMS:
  boost-for-react-native: 39c7adb57c4e60d6c5479dd8623128eb5b3f0f2c
  DoubleConversion: bb338842f62ab1d708ceb63ec3d999f0f3d98ecd
  Firebase: 710decbbc6d9d48530e9a5dba3209740c3532e05
  FirebaseAnalytics: 5b02a63ead2c3f0259cfc7f15e053e440587ecf8
  FirebaseCore: 3c02ec652db3d03fdc8bc6d9154af3e20d64b6f5
  FirebaseInstanceID: 81df5805a08001e69138664bdd02c6719a9ac80f
  Folly: de497beb10f102453a1afa9edbf8cf8a251890de
  glog: aefd1eb5dda2ab95ba0938556f34b98e2da3a60d
  Google-Maps-iOS-Utils: c32891ff472eaaa1fca032beedafa1a013af7875
  GoogleMaps: c087b8e5dfe87ca6ebf59adb9b4894a4146bec4f
  GoogleToolboxForMac: 2501e2ad72a52eb3dfe7bd9aee7dad11b858bd20
  nanopb: 5601e6bca2dbf1ed831b519092ec110f66982ca3
  React: d099597d6ba7001f0219dbc48532b63cfd8d0eca
  react-native-camera: 046f504650bf9a0a9ec9024107f555feaeca6671
  react-native-geocoder: 757427682892bb256f3b3745858cc90eba148a8e
  react-native-google-maps: 544d2208b09a7e2ec2c6112c8a97c4e7f921f74d
  react-native-image-picker: e6e06d4315e3c85bad17e4b2002cd29f11d202c8
  react-native-maps: 9469741f77f270c605cafec603ce47327dc5b5f8
  react-native-orientation-locker: dfd9ee6bb8ecb746e71008ef79fd54b5e6964fdf
  ReactNativePermissions: b64e084dff6a5cad51587d38c306f09246246384
  RNFirebase: 24ed56149251c99f6cb7d44100cade4b953fbd08
  RNFS: c9bbde46b0d59619f8e7b735991c60e0f73d22c1
  RNSVG: 798a867a086016cc4e3e92c4542c8d1d642e8047
  yoga: 220e7595ec3cfe80c5ce02a0d0881be66b405e81

PODFILE CHECKSUM: 47f3b08608e5c15e090d4862e6a57ff1f0c66168

COCOAPODS: 1.7.1
